
Microsoft Visual Studio Solution File, Format Version 12.00
# Visual Studio Version 17
VisualStudioVersion = 17.6.33815.320
MinimumVisualStudioVersion = 10.0.40219.1
Project("{FAE04EC0-301F-11D3-BF4B-00C04F79EFBC}") = "Winforms_Db_MS_Sql_Server", "Winforms_Db_MS_Sql_Server\Winforms_Db_MS_Sql_Server.csproj", "{442081EC-B763-433B-9A83-7A678F7ABE28}"
EndProject
Global
	GlobalSection(SolutionConfigurationPlatforms) = preSolution
		Debug|Any CPU = Debug|Any CPU
		Release|Any CPU = Release|Any CPU
	EndGlobalSection
	GlobalSection(ProjectConfigurationPlatforms) = postSolution
		{442081EC-B763-433B-9A83-7A678F7ABE28}.Debug|Any CPU.ActiveCfg = Debug|Any CPU
		{442081EC-B763-433B-9A83-7A678F7ABE28}.Debug|Any CPU.Build.0 = Debug|Any CPU
		{442081EC-B763-433B-9A83-7A678F7ABE28}.Release|Any CPU.ActiveCfg = Release|Any CPU
		{442081EC-B763-433B-9A83-7A678F7ABE28}.Release|Any CPU.Build.0 = Release|Any CPU
	EndGlobalSection
	GlobalSection(SolutionProperties) = preSolution
		HideSolutionNode = FALSE
	EndGlobalSection
	GlobalSection(ExtensibilityGlobals) = postSolution
		SolutionGuid = {3E82860F-B9CF-40A1-A23B-8739BBBD4A0C}
	EndGlobalSection
EndGlobal
